# This file was autogenerated by Stack.
# You should not edit this file by hand.
# For more information, please see the documentation at:
#   https://docs.haskellstack.org/en/stable/lock_files

packages:
- completed:
    hackage: semilattices-0.0.0.4@sha256:333707e460923711d1edbdd02ebe1c3957d4e0808eab9886747b52ee3e443639,1909
    pantry-tree:
      size: 801
      sha256: f3b6dd7ac1fa1b7a259334ff342405263da053af5c115bd86499227e2373d8ec
  original:
    hackage: semilattices-0.0.0.4@sha256:333707e460923711d1edbdd02ebe1c3957d4e0808eab9886747b52ee3e443639,1909
- completed:
    hackage: fused-effects-1.1.1.0@sha256:6f5cf3f2d0d61f39d97b8f63bc96564d0f64bc2801f3da828572d9f99f1e79f4,5139
    pantry-tree:
      size: 6288
      sha256: 44b34742d763dbc1922e05f2b8017a8e02a298ca66c72bb4c7b0468fea4a7254
  original:
    hackage: fused-effects-1.1.1.0@sha256:6f5cf3f2d0d61f39d97b8f63bc96564d0f64bc2801f3da828572d9f99f1e79f4,5139
- completed:
    size: 138042
    url: https://github.com/polysemy-research/polysemy/archive/ef154f996a18aa907166e3211170db08cfb56fed.tar.gz
    name: polysemy
    version: 1.4.0.0
    sha256: 477a861725426e272986fd7a646fdb3ab78ae50dee8e98640ff3d2aabc94dc2e
    pantry-tree:
      size: 6880
      sha256: 6986a7c48cdb3941272f5919c5eb8285972b7e7151dc8d0f2ed6edca2a3f62d1
  original:
    url: https://github.com/polysemy-research/polysemy/archive/ef154f996a18aa907166e3211170db08cfb56fed.tar.gz
snapshots:
- completed:
    size: 565715
    url: https://raw.githubusercontent.com/commercialhaskell/stackage-snapshots/master/lts/17/7.yaml
    sha256: 1b5e4124989399e60e7a7901f0cefd910beea546131fb07a13a7208c4cc8b7ee
  original: lts-17.7
