# This file was autogenerated by Stack.
# You should not edit this file by hand.
# For more information, please see the documentation at:
#   https://docs.haskellstack.org/en/stable/lock_files

packages:
- completed:
    hackage: fused-effects-1.1.1.0@sha256:6f5cf3f2d0d61f39d97b8f63bc96564d0f64bc2801f3da828572d9f99f1e79f4,5139
    pantry-tree:
      size: 6288
      sha256: 44b34742d763dbc1922e05f2b8017a8e02a298ca66c72bb4c7b0468fea4a7254
  original:
    hackage: fused-effects-1.1.1.0@sha256:6f5cf3f2d0d61f39d97b8f63bc96564d0f64bc2801f3da828572d9f99f1e79f4,5139
snapshots:
- completed:
    size: 565715
    url: https://raw.githubusercontent.com/commercialhaskell/stackage-snapshots/master/lts/17/7.yaml
    sha256: 1b5e4124989399e60e7a7901f0cefd910beea546131fb07a13a7208c4cc8b7ee
  original: lts-17.7
